// !$*UTF8*$!
{
	archiveVersion = 1;
	classes = {
	};
	objectVersion = 77;
	objects = {

/* Begin PBXBuildFile section */
		01B2B3B858D344E09F66C0A1 /* LaunchScreen.storyboard in Resources */ = {isa = PBXBuildFile; fileRef = F8A8E8202A7F4B0295E7A234 /* LaunchScreen.storyboard */; };
		02E7F5B36A2C4A9FB63B5D9E /* Assets.xcassets in Resources */ = {isa = PBXBuildFile; fileRef = C5317B0D6D6A4BD7A8D4C31C /* Assets.xcassets */; };
		05B8C3F3911A4E8FA64C1D29 /* LegalTextViewController.swift in Sources */ = {isa = PBXBuildFile; fileRef = 8D4B7A2E6C9F41D0A13B5E7C /* LegalTextViewController.swift */; };
		064D7C58E6074C608CE1C947 /* SplashViewController.swift in Sources */ = {isa = PBXBuildFile; fileRef = 1F33D0C3A5D94E3A97B6F21A /* SplashViewController.swift */; };
		0A0E331D4C0A4E8791D90E8B /* NavigationHelper.swift in Sources */ = {isa = PBXBuildFile; fileRef = A6E6B2B1DB1E4C5789E3F3A2 /* NavigationHelper.swift */; };
		0A2324212C09FE34D7F0DBFC /* MessageCell.swift in Sources */ = {isa = PBXBuildFile; fileRef = B3AEB4801F6C78AF68334AD4 /* MessageCell.swift */; };
		0F7EA3856CEAF87FE2FA3ED0 /* Message.swift in Sources */ = {isa = PBXBuildFile; fileRef = 95E574E6175A37EEA07F501F /* Message.swift */; };
		1326845224DCA99D244B8523 /* User.swift in Sources */ = {isa = PBXBuildFile; fileRef = 0880F972975216526B9C3D3D /* User.swift */; };
		193C07FDA77211AE34847BA6 /* HomeViewController.swift in Sources */ = {isa = PBXBuildFile; fileRef = 96FCF8850F0D8775A3C8306B /* HomeViewController.swift */; };
		1A4EBBC35A52FA95187AA5EA /* SceneDelegate.swift in Sources */ = {isa = PBXBuildFile; fileRef = 91B35BADA38261C906ACFA2A /* SceneDelegate.swift */; };
		402387F9E53CD46D384D7E42 /* VoiceRoom.swift in Sources */ = {isa = PBXBuildFile; fileRef = 7BA9B6CCF282108A809EDCF9 /* VoiceRoom.swift */; };
		4FFE35E4A9644C18974903B0 /* RoomCell.swift in Sources */ = {isa = PBXBuildFile; fileRef = 9A18B7CDF1FC9DCB563CE26A /* RoomCell.swift */; };
		5A356A5318E468DA39A4687E /* AppDelegate.swift in Sources */ = {isa = PBXBuildFile; fileRef = AB01E599E18EA805D3604E45 /* AppDelegate.swift */; };
		6C8C8812DE84F646E68269D8 /* Post.swift in Sources */ = {isa = PBXBuildFile; fileRef = 452B02BCF2C026621231195D /* Post.swift */; };
		712BE298D95FC7AFA60BB59F /* CategoryCell.swift in Sources */ = {isa = PBXBuildFile; fileRef = 430A487968B2A35E8BFB3460 /* CategoryCell.swift */; };
		74DBD7AC5AFED37C464FD831 /* MockDataManager.swift in Sources */ = {isa = PBXBuildFile; fileRef = F503FB79E5F4450FEB4E8617 /* MockDataManager.swift */; };
		90CD4D83AE2CA79020429061 /* MineViewController.swift in Sources */ = {isa = PBXBuildFile; fileRef = 33B231050815F4B686C43972 /* MineViewController.swift */; };
		948E3C8BD845C19BCC1140FA /* Theme.swift in Sources */ = {isa = PBXBuildFile; fileRef = 8602F85E89846993B7BC6BD4 /* Theme.swift */; };
		BD9F9979214845D0B450D7CF /* ForumViewController.swift in Sources */ = {isa = PBXBuildFile; fileRef = 5084120C56E347CC89633BAF /* ForumViewController.swift */; };
		E0AB0A4F7675FAE7F1D3963B /* MainTabBarController.swift in Sources */ = {isa = PBXBuildFile; fileRef = DFB50AB24D2AD72450212298 /* MainTabBarController.swift */; };
		FD28054C10EA853E3C0E43E8 /* MessageViewController.swift in Sources */ = {isa = PBXBuildFile; fileRef = 3AB15CBA4F274EF4CA3351FA /* MessageViewController.swift */; };
/* End PBXBuildFile section */

/* Begin PBXFileReference section */
		0880F972975216526B9C3D3D /* User.swift */ = {isa = PBXFileReference; lastKnownFileType = sourcecode.swift; path = User.swift; sourceTree = "<group>"; };
		1F33D0C3A5D94E3A97B6F21A /* SplashViewController.swift */ = {isa = PBXFileReference; lastKnownFileType = sourcecode.swift; path = SplashViewController.swift; sourceTree = "<group>"; };
		33B231050815F4B686C43972 /* MineViewController.swift */ = {isa = PBXFileReference; lastKnownFileType = sourcecode.swift; path = MineViewController.swift; sourceTree = "<group>"; };
		3AB15CBA4F274EF4CA3351FA /* MessageViewController.swift */ = {isa = PBXFileReference; lastKnownFileType = sourcecode.swift; path = MessageViewController.swift; sourceTree = "<group>"; };
		430A487968B2A35E8BFB3460 /* CategoryCell.swift */ = {isa = PBXFileReference; lastKnownFileType = sourcecode.swift; path = CategoryCell.swift; sourceTree = "<group>"; };
		452B02BCF2C026621231195D /* Post.swift */ = {isa = PBXFileReference; lastKnownFileType = sourcecode.swift; path = Post.swift; sourceTree = "<group>"; };
		5084120C56E347CC89633BAF /* ForumViewController.swift */ = {isa = PBXFileReference; lastKnownFileType = sourcecode.swift; path = ForumViewController.swift; sourceTree = "<group>"; };
		7BA9B6CCF282108A809EDCF9 /* VoiceRoom.swift */ = {isa = PBXFileReference; lastKnownFileType = sourcecode.swift; path = VoiceRoom.swift; sourceTree = "<group>"; };
		8602F85E89846993B7BC6BD4 /* Theme.swift */ = {isa = PBXFileReference; lastKnownFileType = sourcecode.swift; path = Theme.swift; sourceTree = "<group>"; };
		8D4B7A2E6C9F41D0A13B5E7C /* LegalTextViewController.swift */ = {isa = PBXFileReference; lastKnownFileType = sourcecode.swift; path = LegalTextViewController.swift; sourceTree = "<group>"; };
		8B06134207E8189B4040186D /* PlayTalk.app */ = {isa = PBXFileReference; includeInIndex = 0; lastKnownFileType = wrapper.application; path = PlayTalk.app; sourceTree = BUILT_PRODUCTS_DIR; };
		91B35BADA38261C906ACFA2A /* SceneDelegate.swift */ = {isa = PBXFileReference; lastKnownFileType = sourcecode.swift; path = SceneDelegate.swift; sourceTree = "<group>"; };
		A6E6B2B1DB1E4C5789E3F3A2 /* NavigationHelper.swift */ = {isa = PBXFileReference; lastKnownFileType = sourcecode.swift; path = NavigationHelper.swift; sourceTree = "<group>"; };
		95E574E6175A37EEA07F501F /* Message.swift */ = {isa = PBXFileReference; lastKnownFileType = sourcecode.swift; path = Message.swift; sourceTree = "<group>"; };
		96FCF8850F0D8775A3C8306B /* HomeViewController.swift */ = {isa = PBXFileReference; lastKnownFileType = sourcecode.swift; path = HomeViewController.swift; sourceTree = "<group>"; };
		9A18B7CDF1FC9DCB563CE26A /* RoomCell.swift */ = {isa = PBXFileReference; lastKnownFileType = sourcecode.swift; path = RoomCell.swift; sourceTree = "<group>"; };
		AB01E599E18EA805D3604E45 /* AppDelegate.swift */ = {isa = PBXFileReference; lastKnownFileType = sourcecode.swift; path = AppDelegate.swift; sourceTree = "<group>"; };
		B3AEB4801F6C78AF68334AD4 /* MessageCell.swift */ = {isa = PBXFileReference; lastKnownFileType = sourcecode.swift; path = MessageCell.swift; sourceTree = "<group>"; };
		DFB50AB24D2AD72450212298 /* MainTabBarController.swift */ = {isa = PBXFileReference; lastKnownFileType = sourcecode.swift; path = MainTabBarController.swift; sourceTree = "<group>"; };
		C5317B0D6D6A4BD7A8D4C31C /* Assets.xcassets */ = {isa = PBXFileReference; lastKnownFileType = folder.assetcatalog; path = Assets.xcassets; sourceTree = "<group>"; };
		F503FB79E5F4450FEB4E8617 /* MockDataManager.swift */ = {isa = PBXFileReference; lastKnownFileType = sourcecode.swift; path = MockDataManager.swift; sourceTree = "<group>"; };
		F8A8E8202A7F4B0295E7A234 /* LaunchScreen.storyboard */ = {isa = PBXFileReference; lastKnownFileType = file.storyboard; path = LaunchScreen.storyboard; sourceTree = "<group>"; };
/* End PBXFileReference section */

/* Begin PBXGroup section */
		420F3C5C9AF3DF8C5BFEAB2E /* Home */ = {
			isa = PBXGroup;
			children = (
				430A487968B2A35E8BFB3460 /* CategoryCell.swift */,
				96FCF8850F0D8775A3C8306B /* HomeViewController.swift */,
				9A18B7CDF1FC9DCB563CE26A /* RoomCell.swift */,
			);
			path = Home;
			sourceTree = "<group>";
		};
		4F292F35387B1FB52854F5E4 /* Messages */ = {
			isa = PBXGroup;
			children = (
				B3AEB4801F6C78AF68334AD4 /* MessageCell.swift */,
				3AB15CBA4F274EF4CA3351FA /* MessageViewController.swift */,
			);
			path = Messages;
			sourceTree = "<group>";
		};
		517A981B57DCA48EEF8F0296 /* Modules */ = {
			isa = PBXGroup;
			children = (
				B3E7F0CCD1AA5A098C063D63 /* Forum */,
				420F3C5C9AF3DF8C5BFEAB2E /* Home */,
				4F292F35387B1FB52854F5E4 /* Messages */,
				5CF2215FB12C14C4EFFAFF35 /* Mine */,
			);
			name = Modules;
			path = PlayTalk/Modules;
			sourceTree = "<group>";
		};
		5CF2215FB12C14C4EFFAFF35 /* Mine */ = {
			isa = PBXGroup;
			children = (
				8D4B7A2E6C9F41D0A13B5E7C /* LegalTextViewController.swift */,
				33B231050815F4B686C43972 /* MineViewController.swift */,
			);
			path = Mine;
			sourceTree = "<group>";
		};
		61FD9C75CCB7432FBAB5986A /* Common */ = {
			isa = PBXGroup;
			children = (
				F503FB79E5F4450FEB4E8617 /* MockDataManager.swift */,
			);
			name = Common;
			path = PlayTalk/Common;
			sourceTree = "<group>";
		};
		9F79749DE8D38E054CF968DB /* App */ = {
			isa = PBXGroup;
			children = (
				AB01E599E18EA805D3604E45 /* AppDelegate.swift */,
				DFB50AB24D2AD72450212298 /* MainTabBarController.swift */,
				A6E6B2B1DB1E4C5789E3F3A2 /* NavigationHelper.swift */,
				91B35BADA38261C906ACFA2A /* SceneDelegate.swift */,
				1F33D0C3A5D94E3A97B6F21A /* SplashViewController.swift */,
				8602F85E89846993B7BC6BD4 /* Theme.swift */,
			);
			name = App;
			path = PlayTalk/App;
			sourceTree = "<group>";
		};
		B3E7F0CCD1AA5A098C063D63 /* Forum */ = {
			isa = PBXGroup;
			children = (
				5084120C56E347CC89633BAF /* ForumViewController.swift */,
			);
			path = Forum;
			sourceTree = "<group>";
		};
		CB9A20D476A47FC24A9DF2C4 = {
			isa = PBXGroup;
			children = (
				9F79749DE8D38E054CF968DB /* App */,
				61FD9C75CCB7432FBAB5986A /* Common */,
				D6451EDC6628E5A705AEA92E /* Models */,
				517A981B57DCA48EEF8F0296 /* Modules */,
				C5317B0D6D6A4BD7A8D4C31C /* Assets.xcassets */,
				F8A8E8202A7F4B0295E7A234 /* LaunchScreen.storyboard */,
				EA82871282AC206F588A101E /* Products */,
			);
			sourceTree = "<group>";
		};
		D6451EDC6628E5A705AEA92E /* Models */ = {
			isa = PBXGroup;
			children = (
				95E574E6175A37EEA07F501F /* Message.swift */,
				452B02BCF2C026621231195D /* Post.swift */,
				0880F972975216526B9C3D3D /* User.swift */,
				7BA9B6CCF282108A809EDCF9 /* VoiceRoom.swift */,
			);
			name = Models;
			path = PlayTalk/Models;
			sourceTree = "<group>";
		};
		EA82871282AC206F588A101E /* Products */ = {
			isa = PBXGroup;
			children = (
				8B06134207E8189B4040186D /* PlayTalk.app */,
			);
			name = Products;
			sourceTree = "<group>";
		};
/* End PBXGroup section */

/* Begin PBXNativeTarget section */
		7BF782E89FCA5034A6D1848C /* PlayTalk */ = {
			isa = PBXNativeTarget;
			buildConfigurationList = 36C7186E6B05C3C9B2E159BF /* Build configuration list for PBXNativeTarget "PlayTalk" */;
			buildPhases = (
				AB36E2B52AC7E26CB75E4B7E /* Sources */,
				87E1E9FEA26C4DC69577C6D4 /* Resources */,
			);
			buildRules = (
			);
			dependencies = (
			);
			name = PlayTalk;
			packageProductDependencies = (
			);
			productName = PlayTalk;
			productReference = 8B06134207E8189B4040186D /* PlayTalk.app */;
			productType = "com.apple.product-type.application";
		};
/* End PBXNativeTarget section */

/* Begin PBXProject section */
		95156FD48279BBC0A88EE1DA /* Project object */ = {
			isa = PBXProject;
			attributes = {
				BuildIndependentTargetsInParallel = YES;
				LastUpgradeCheck = 1430;
				TargetAttributes = {
					7BF782E89FCA5034A6D1848C = {
						ProvisioningStyle = Automatic;
					};
				};
			};
			buildConfigurationList = 43C9482893872E3977BFCBAC /* Build configuration list for PBXProject "PlayTalk" */;
			developmentRegion = en;
			hasScannedForEncodings = 0;
			knownRegions = (
				Base,
				en,
			);
			mainGroup = CB9A20D476A47FC24A9DF2C4;
			minimizedProjectReferenceProxies = 1;
			preferredProjectObjectVersion = 77;
			productRefGroup = EA82871282AC206F588A101E /* Products */;
			projectDirPath = "";
			projectRoot = "";
			targets = (
				7BF782E89FCA5034A6D1848C /* PlayTalk */,
			);
		};
/* End PBXProject section */

/* Begin PBXResourcesBuildPhase section */
		87E1E9FEA26C4DC69577C6D4 /* Resources */ = {
			isa = PBXResourcesBuildPhase;
			buildActionMask = 2147483647;
			files = (
				02E7F5B36A2C4A9FB63B5D9E /* Assets.xcassets in Resources */,
				01B2B3B858D344E09F66C0A1 /* LaunchScreen.storyboard in Resources */,
			);
			runOnlyForDeploymentPostprocessing = 0;
		};
/* End PBXResourcesBuildPhase section */

/* Begin PBXSourcesBuildPhase section */
		AB36E2B52AC7E26CB75E4B7E /* Sources */ = {
			isa = PBXSourcesBuildPhase;
			buildActionMask = 2147483647;
			files = (
				05B8C3F3911A4E8FA64C1D29 /* LegalTextViewController.swift in Sources */,
				064D7C58E6074C608CE1C947 /* SplashViewController.swift in Sources */,
				0A0E331D4C0A4E8791D90E8B /* NavigationHelper.swift in Sources */,
				5A356A5318E468DA39A4687E /* AppDelegate.swift in Sources */,
				712BE298D95FC7AFA60BB59F /* CategoryCell.swift in Sources */,
				BD9F9979214845D0B450D7CF /* ForumViewController.swift in Sources */,
				193C07FDA77211AE34847BA6 /* HomeViewController.swift in Sources */,
				E0AB0A4F7675FAE7F1D3963B /* MainTabBarController.swift in Sources */,
				0F7EA3856CEAF87FE2FA3ED0 /* Message.swift in Sources */,
				0A2324212C09FE34D7F0DBFC /* MessageCell.swift in Sources */,
				FD28054C10EA853E3C0E43E8 /* MessageViewController.swift in Sources */,
				90CD4D83AE2CA79020429061 /* MineViewController.swift in Sources */,
				74DBD7AC5AFED37C464FD831 /* MockDataManager.swift in Sources */,
				6C8C8812DE84F646E68269D8 /* Post.swift in Sources */,
				4FFE35E4A9644C18974903B0 /* RoomCell.swift in Sources */,
				1A4EBBC35A52FA95187AA5EA /* SceneDelegate.swift in Sources */,
				948E3C8BD845C19BCC1140FA /* Theme.swift in Sources */,
				1326845224DCA99D244B8523 /* User.swift in Sources */,
				402387F9E53CD46D384D7E42 /* VoiceRoom.swift in Sources */,
			);
			runOnlyForDeploymentPostprocessing = 0;
		};
/* End PBXSourcesBuildPhase section */

/* Begin XCBuildConfiguration section */
		26F20B27FF22A7D40B1E615B /* Release */ = {
			isa = XCBuildConfiguration;
			buildSettings = {
				ASSETCATALOG_COMPILER_APPICON_NAME = AppIcon;
				ASSETCATALOG_COMPILER_GLOBAL_ACCENT_COLOR_NAME = AccentColor;
				CODE_SIGN_IDENTITY = "iPhone Developer";
				CODE_SIGN_STYLE = Automatic;
				GENERATE_INFOPLIST_FILE = NO;
				INFOPLIST_FILE = PlayTalk/Resources/Info.plist;
				LD_RUNPATH_SEARCH_PATHS = (
					"$(inherited)",
					"@executable_path/Frameworks",
				);
				PRODUCT_BUNDLE_IDENTIFIER = com.playtalk.ios;
				SDKROOT = iphoneos;
				TARGETED_DEVICE_FAMILY = "1,2";
			};
			name = Release;
		};
		3A965F33286EFE0D0B5022FB /* Debug */ = {
			isa = XCBuildConfiguration;
			buildSettings = {
				ASSETCATALOG_COMPILER_APPICON_NAME = AppIcon;
				ASSETCATALOG_COMPILER_GLOBAL_ACCENT_COLOR_NAME = AccentColor;
				CODE_SIGN_IDENTITY = "iPhone Developer";
				CODE_SIGN_STYLE = Automatic;
				GENERATE_INFOPLIST_FILE = NO;
				INFOPLIST_FILE = PlayTalk/Resources/Info.plist;
				LD_RUNPATH_SEARCH_PATHS = (
					"$(inherited)",
					"@executable_path/Frameworks",
				);
				PRODUCT_BUNDLE_IDENTIFIER = com.playtalk.ios;
				SDKROOT = iphoneos;
				TARGETED_DEVICE_FAMILY = "1,2";
			};
			name = Debug;
		};
		45B64902241EB691FF11BA6A /* Release */ = {
			isa = XCBuildConfiguration;
			buildSettings = {
				ALWAYS_SEARCH_USER_PATHS = NO;
				CLANG_ANALYZER_NONNULL = YES;
				CLANG_ANALYZER_NUMBER_OBJECT_CONVERSION = YES_AGGRESSIVE;
				CLANG_CXX_LANGUAGE_STANDARD = "gnu++14";
				CLANG_CXX_LIBRARY = "libc++";
				CLANG_ENABLE_MODULES = YES;
				CLANG_ENABLE_OBJC_ARC = YES;
				CLANG_ENABLE_OBJC_WEAK = YES;
				CLANG_WARN_BLOCK_CAPTURE_AUTORELEASING = YES;
				CLANG_WARN_BOOL_CONVERSION = YES;
				CLANG_WARN_COMMA = YES;
				CLANG_WARN_CONSTANT_CONVERSION = YES;
				CLANG_WARN_DEPRECATED_OBJC_IMPLEMENTATIONS = YES;
				CLANG_WARN_DIRECT_OBJC_ISA_USAGE = YES_ERROR;
				CLANG_WARN_DOCUMENTATION_COMMENTS = YES;
				CLANG_WARN_EMPTY_BODY = YES;
				CLANG_WARN_ENUM_CONVERSION = YES;
				CLANG_WARN_INFINITE_RECURSION = YES;
				CLANG_WARN_INT_CONVERSION = YES;
				CLANG_WARN_NON_LITERAL_NULL_CONVERSION = YES;
				CLANG_WARN_OBJC_IMPLICIT_RETAIN_SELF = YES;
				CLANG_WARN_OBJC_LITERAL_CONVERSION = YES;
				CLANG_WARN_OBJC_ROOT_CLASS = YES_ERROR;
				CLANG_WARN_QUOTED_INCLUDE_IN_FRAMEWORK_HEADER = YES;
				CLANG_WARN_RANGE_LOOP_ANALYSIS = YES;
				CLANG_WARN_STRICT_PROTOTYPES = YES;
				CLANG_WARN_SUSPICIOUS_MOVE = YES;
				CLANG_WARN_UNGUARDED_AVAILABILITY = YES_AGGRESSIVE;
				CLANG_WARN_UNREACHABLE_CODE = YES;
				CLANG_WARN__DUPLICATE_METHOD_MATCH = YES;
				COPY_PHASE_STRIP = NO;
				DEBUG_INFORMATION_FORMAT = "dwarf-with-dsym";
				ENABLE_NS_ASSERTIONS = NO;
				ENABLE_STRICT_OBJC_MSGSEND = YES;
				GCC_C_LANGUAGE_STANDARD = gnu11;
				GCC_NO_COMMON_BLOCKS = YES;
				GCC_WARN_64_TO_32_BIT_CONVERSION = YES;
				GCC_WARN_ABOUT_RETURN_TYPE = YES_ERROR;
				GCC_WARN_UNDECLARED_SELECTOR = YES;
				GCC_WARN_UNINITIALIZED_AUTOS = YES_AGGRESSIVE;
				GCC_WARN_UNUSED_FUNCTION = YES;
				GCC_WARN_UNUSED_VARIABLE = YES;
				IPHONEOS_DEPLOYMENT_TARGET = 15.0;
				MTL_ENABLE_DEBUG_INFO = NO;
				MTL_FAST_MATH = YES;
				PRODUCT_NAME = "$(TARGET_NAME)";
				SDKROOT = iphoneos;
				SUPPORTS_MACCATALYST = NO;
				SWIFT_COMPILATION_MODE = wholemodule;
				SWIFT_OPTIMIZATION_LEVEL = "-O";
				SWIFT_VERSION = 6.0;
				TARGETED_DEVICE_FAMILY = 1;
			};
			name = Release;
		};
		E6212D33D68273C1780C2AB9 /* Debug */ = {
			isa = XCBuildConfiguration;
			buildSettings = {
				ALWAYS_SEARCH_USER_PATHS = NO;
				CLANG_ANALYZER_NONNULL = YES;
				CLANG_ANALYZER_NUMBER_OBJECT_CONVERSION = YES_AGGRESSIVE;
				CLANG_CXX_LANGUAGE_STANDARD = "gnu++14";
				CLANG_CXX_LIBRARY = "libc++";
				CLANG_ENABLE_MODULES = YES;
				CLANG_ENABLE_OBJC_ARC = YES;
				CLANG_ENABLE_OBJC_WEAK = YES;
				CLANG_WARN_BLOCK_CAPTURE_AUTORELEASING = YES;
				CLANG_WARN_BOOL_CONVERSION = YES;
				CLANG_WARN_COMMA = YES;
				CLANG_WARN_CONSTANT_CONVERSION = YES;
				CLANG_WARN_DEPRECATED_OBJC_IMPLEMENTATIONS = YES;
				CLANG_WARN_DIRECT_OBJC_ISA_USAGE = YES_ERROR;
				CLANG_WARN_DOCUMENTATION_COMMENTS = YES;
				CLANG_WARN_EMPTY_BODY = YES;
				CLANG_WARN_ENUM_CONVERSION = YES;
				CLANG_WARN_INFINITE_RECURSION = YES;
				CLANG_WARN_INT_CONVERSION = YES;
				CLANG_WARN_NON_LITERAL_NULL_CONVERSION = YES;
				CLANG_WARN_OBJC_IMPLICIT_RETAIN_SELF = YES;
				CLANG_WARN_OBJC_LITERAL_CONVERSION = YES;
				CLANG_WARN_OBJC_ROOT_CLASS = YES_ERROR;
				CLANG_WARN_QUOTED_INCLUDE_IN_FRAMEWORK_HEADER = YES;
				CLANG_WARN_RANGE_LOOP_ANALYSIS = YES;
				CLANG_WARN_STRICT_PROTOTYPES = YES;
				CLANG_WARN_SUSPICIOUS_MOVE = YES;
				CLANG_WARN_UNGUARDED_AVAILABILITY = YES_AGGRESSIVE;
				CLANG_WARN_UNREACHABLE_CODE = YES;
				CLANG_WARN__DUPLICATE_METHOD_MATCH = YES;
				COPY_PHASE_STRIP = NO;
				DEBUG_INFORMATION_FORMAT = dwarf;
				ENABLE_STRICT_OBJC_MSGSEND = YES;
				ENABLE_TESTABILITY = YES;
				GCC_C_LANGUAGE_STANDARD = gnu11;
				GCC_DYNAMIC_NO_PIC = NO;
				GCC_NO_COMMON_BLOCKS = YES;
				GCC_OPTIMIZATION_LEVEL = 0;
				GCC_PREPROCESSOR_DEFINITIONS = (
					"$(inherited)",
					"DEBUG=1",
				);
				GCC_WARN_64_TO_32_BIT_CONVERSION = YES;
				GCC_WARN_ABOUT_RETURN_TYPE = YES_ERROR;
				GCC_WARN_UNDECLARED_SELECTOR = YES;
				GCC_WARN_UNINITIALIZED_AUTOS = YES_AGGRESSIVE;
				GCC_WARN_UNUSED_FUNCTION = YES;
				GCC_WARN_UNUSED_VARIABLE = YES;
				IPHONEOS_DEPLOYMENT_TARGET = 15.0;
				MTL_ENABLE_DEBUG_INFO = INCLUDE_SOURCE;
				MTL_FAST_MATH = YES;
				ONLY_ACTIVE_ARCH = YES;
				PRODUCT_NAME = "$(TARGET_NAME)";
				SDKROOT = iphoneos;
				SUPPORTS_MACCATALYST = NO;
				SWIFT_ACTIVE_COMPILATION_CONDITIONS = DEBUG;
				SWIFT_OPTIMIZATION_LEVEL = "-Onone";
				SWIFT_VERSION = 6.0;
				TARGETED_DEVICE_FAMILY = 1;
			};
			name = Debug;
		};
/* End XCBuildConfiguration section */

/* Begin XCConfigurationList section */
		36C7186E6B05C3C9B2E159BF /* Build configuration list for PBXNativeTarget "PlayTalk" */ = {
			isa = XCConfigurationList;
			buildConfigurations = (
				3A965F33286EFE0D0B5022FB /* Debug */,
				26F20B27FF22A7D40B1E615B /* Release */,
			);
			defaultConfigurationIsVisible = 0;
			defaultConfigurationName = Debug;
		};
		43C9482893872E3977BFCBAC /* Build configuration list for PBXProject "PlayTalk" */ = {
			isa = XCConfigurationList;
			buildConfigurations = (
				E6212D33D68273C1780C2AB9 /* Debug */,
				45B64902241EB691FF11BA6A /* Release */,
			);
			defaultConfigurationIsVisible = 0;
			defaultConfigurationName = Debug;
		};
/* End XCConfigurationList section */
	};
	rootObject = 95156FD48279BBC0A88EE1DA /* Project object */;
}
